# This file was autogenerated by Stack.
# You should not edit this file by hand.
# For more information, please see the documentation at:
#   https://docs.haskellstack.org/en/stable/lock_files

packages:
- completed:
    hackage: half-0.3@sha256:48cc70e3cd42ccd13039b8d5865ca3aeffe526572aff7e2baf9cf9c28bc31eeb,1316
    pantry-tree:
      size: 528
      sha256: 4afa0f46ce45f87a9057f07daebb7c307b1fe198103234536b88f716a201e5e8
  original:
    hackage: half-0.3
- completed:
    hackage: cuda-0.10.1.0@sha256:1f4f38852cc99ab80aec0aec8eeadb5fe01d891e67003ad2084d657349b60878,5879
    pantry-tree:
      size: 3857
      sha256: 5dfd9d7ecbc824febf36b5282be884b08919faa0e1b08bc7f8b246780583eb98
  original:
    hackage: cuda-0.10.1.0
- completed:
    hackage: nvvm-0.9.0.0@sha256:8cbf4cd20aae26edde4eceeca7d829cc616d95a38bbe01a50d6833b1bc9d574d,2377
    pantry-tree:
      size: 623
      sha256: d94496ea26a6d8604dbdb0428f26850632a9e4c00eb332e4785300ec2e16b3b8
  original:
    hackage: nvvm-0.9.0.0
- completed:
    size: 446892
    url: https://github.com/AccelerateHS/accelerate/archive/a7b6853.tar.gz
    cabal-file:
      size: 20056
      sha256: 60ad0612952645fded4178be6d1069380fadab2940c81b213887793603b072fa
    name: accelerate
    version: 1.3.0.0
    sha256: fbd3d68482a7186b3207064cb3056adb09c3e14eae71b21f2cde60fc806c89ce
    pantry-tree:
      size: 13457
      sha256: 8da0aeeee15e84cb18745324dfd797403cf59cde4e01d34e94e46c193c5066b1
  original:
    url: https://github.com/AccelerateHS/accelerate/archive/a7b6853.tar.gz
- completed:
    size: 263955
    subdir: accelerate-llvm
    url: https://github.com/AccelerateHS/accelerate-llvm/archive/d7af0a2.tar.gz
    cabal-file:
      size: 5983
      sha256: 37156026a7faa14865e5b20798e1966b587ea47208dc9d7e3ee4cb695ad7e844
    name: accelerate-llvm
    version: 1.3.0.0
    sha256: 61a7787639c3f42d375f305d8a38dd591da64e2ce599825abfd37b1d7ad06fbe
    pantry-tree:
      size: 5454
      sha256: 3df66be1cae191ede3d41b6a845dc6da26579f171afa9b6d1d00306a72a80574
  original:
    subdir: accelerate-llvm
    url: https://github.com/AccelerateHS/accelerate-llvm/archive/d7af0a2.tar.gz
- completed:
    size: 263955
    subdir: accelerate-llvm-native
    url: https://github.com/AccelerateHS/accelerate-llvm/archive/d7af0a2.tar.gz
    cabal-file:
      size: 6317
      sha256: 9d6ec705a29a568d7c74855bfcd3a83bf7a1fb3d7a37e875ed88d0d91ce48b4a
    name: accelerate-llvm-native
    version: 1.3.0.0
    sha256: 61a7787639c3f42d375f305d8a38dd591da64e2ce599825abfd37b1d7ad06fbe
    pantry-tree:
      size: 4693
      sha256: 1c81dcf0afb41baaf76e1ec29f462c2409fbb02a1c31708e0efab156e709a7e4
  original:
    subdir: accelerate-llvm-native
    url: https://github.com/AccelerateHS/accelerate-llvm/archive/d7af0a2.tar.gz
- completed:
    size: 7787
    url: https://github.com/tmcdonell/lens-accelerate/archive/b74eb80.tar.gz
    cabal-file:
      size: 1422
      sha256: e07af675403c3191aacbffe20a31cd0ab8a9278e84712a8a897ed4a9681f3314
    name: lens-accelerate
    version: 0.3.0.0
    sha256: 9b966f17100870fe2ee714bac4c59c0ccf7a3fe2374566ed98a0d2563a2cc1b9
    pantry-tree:
      size: 1114
      sha256: 523623a4689a89a3a2a0cc8fdd42ee99cf43500afb94d81cb8919e02ff0d0222
  original:
    url: https://github.com/tmcdonell/lens-accelerate/archive/b74eb80.tar.gz
snapshots:
- completed:
    size: 527836
    url: https://raw.githubusercontent.com/commercialhaskell/stackage-snapshots/master/lts/11/22.yaml
    sha256: 341870ac98d8a9f8f77c4adf2e9e0b22063e264a7fbeb4c85b7af5f380dac60e
  original: lts-11.22
