# This file was autogenerated by Stack.
# You should not edit this file by hand.
# For more information, please see the documentation at:
#   https://docs.haskellstack.org/en/stable/lock_files

packages:
- completed:
    hackage: accelerate-1.2.0.1@sha256:bb1928efe602545df4043692916ed427c959110cbd678d03c3f9c3be25d1ae88,20112
    pantry-tree:
      size: 10790
      sha256: 8a4fbbb91a5a4ff77ebcc8f65ab5288874127f5f2e86304fad1b4c5d8186af5e
  original:
    hackage: accelerate-1.2.0.1@sha256:bb1928efe602545df4043692916ed427c959110cbd678d03c3f9c3be25d1ae88,20112
- completed:
    hackage: accelerate-llvm-1.2.0.1@sha256:e794b1abfea5424671d84d5d69bb9ccf468af9adaa481f9adaa78c42538a9cda,7206
    pantry-tree:
      size: 5092
      sha256: 0328dda508b97c14ed2731f61796fe5140abb3e5038ed7ac244e3be256dd8d0b
  original:
    hackage: accelerate-llvm-1.2.0.1@sha256:e794b1abfea5424671d84d5d69bb9ccf468af9adaa481f9adaa78c42538a9cda,7206
- completed:
    hackage: lens-accelerate-0.2.0.0@sha256:292e850bf11f3babbb9d7af362ff99fc29621fb33fed06e681af2e124f09f53d,1493
    pantry-tree:
      size: 704
      sha256: 11a4d09c8aee88f5a0d25df91b08462486cb500ca80512adb81129077b255528
  original:
    hackage: lens-accelerate-0.2.0.0@sha256:292e850bf11f3babbb9d7af362ff99fc29621fb33fed06e681af2e124f09f53d,1493
- completed:
    hackage: accelerate-llvm-ptx-1.2.0.1@sha256:0ddd8f0f8a379a400dd82ad01c319fa4b13a64146b4e05beed5c486f1f2269f7,7020
    pantry-tree:
      size: 4122
      sha256: d99b9fb448b8d82c7e8406c78a720bc0a3b3840481ae0a8be0480e6275444523
  original:
    hackage: accelerate-llvm-ptx-1.2.0.1
snapshots:
- completed:
    size: 523700
    url: https://raw.githubusercontent.com/commercialhaskell/stackage-snapshots/master/lts/14/7.yaml
    sha256: 8e3f3c894be74d71fa4bf085e0a8baae7e4d7622d07ea31a52736b80f8b9bb1a
  original: lts-14.7
